{
  "version": 4,
  "terraform_version": "1.13.2",
  "serial": 4,
  "lineage": "c498134f-dffe-06fc-d811-017756ca5022",
  "outputs": {
    "project_url": {
      "value": "https://app.terraform.io/app/sujay-test-01/projects/prj-fFUMuaZmwfVoycRG",
      "type": "string"
    },
    "stack_url": {
      "value": "https://app.terraform.io/app/sujay-test-01/projects/prj-fFUMuaZmwfVoycRG/stacks/st-GXsTx1G5mR95tEjD",
      "type": "string"
    }
  },
  "resources": [
    {
      "mode": "managed",
      "type": "tfe_project",
      "name": "stack_project",
      "provider": "provider[\"registry.terraform.io/hashicorp/tfe\"]",
      "instances": [
        {
          "schema_version": 0,
          "attributes": {
            "auto_destroy_activity_duration": null,
            "description": "",
            "id": "prj-fFUMuaZmwfVoycRG",
            "ignore_additional_tags": null,
            "name": "cli-migrated-stacks-project-01",
            "organization": "sujay-test-01",
            "tags": {}
          },
          "sensitive_attributes": [],
          "identity_schema_version": 0
        }
      ]
    },
    {
      "mode": "managed",
      "type": "tfe_stack",
      "name": "stack",
      "provider": "provider[\"registry.terraform.io/hashicorp/tfe\"]",
      "instances": [
        {
          "schema_version": 1,
          "attributes": {
            "agent_pool_id": null,
            "created_at": "2025-10-03T07:01:55Z",
            "description": null,
            "id": "st-GXsTx1G5mR95tEjD",
            "name": "cli-migrated-stacks-01",
            "project_id": "prj-fFUMuaZmwfVoycRG",
            "updated_at": "2025-10-03T07:01:55Z",
            "vcs_repo": null
          },
          "sensitive_attributes": [],
          "identity_schema_version": 0,
          "dependencies": [
            "tfe_project.stack_project"
          ]
        }
      ]
    },
    {
      "mode": "managed",
      "type": "tfmigrate_stack_migration",
      "name": "stack_migration",
      "provider": "provider[\"registry.terraform.io/hashicorp/tfmigrate\"]",
      "instances": [
        {
          "schema_version": 1,
          "attributes": {
            "config_file_dir": "/Users/sujaysamanta/test-stack-temp/cli-driven-test-workspace-1/modularized_config/_stacks_generated",
            "current_configuration_id": "stc-hUC579oz3Cme9U3E",
            "current_configuration_status": "completed",
            "migration_hash": "gbtjbGktZHJpdmVuLXRlc3Qtd29ya3NwYWNlLTGFq1dvcmtzcGFjZUlks3dzLURvc0tjaDVTc2JpYXZNWnGuRGVwbG95bWVudE5hbWW7Y2xpLWRyaXZlbi10ZXN0LXdvcmtzcGFjZS0xs0RlcGxveW1lbnRHcm91cERhdGGCoklktHNkZy1zcXJRcGZRaXAxS01vekxSplN0YXR1c6lzdWNjZWVkZWStRmFpbHVyZVJlYXNvbqCoV2FybmluZ3PA",
            "name": "cli-migrated-stacks-01",
            "organization": "sujay-test-01",
            "project": "cli-migrated-stacks-project-01",
            "source_bundle_hash": "f614b8c1e9b732c900671741ac6b24f4ad9834bfe2ae2a3819ed93fc0626673c",
            "terraform_config_dir": "/Users/sujaysamanta/test-stack-temp/cli-driven-test-workspace-1/modularized_config",
            "terraform_config_hash": "f614b8c1e9b732c900671741ac6b24f4ad9834bfe2ae2a3819ed93fc0626673c",
            "workspace_deployment_mapping": {
              "cli-driven-test-workspace-1": "cli-driven-test-workspace-1"
            }
          },
          "sensitive_attributes": [],
          "identity_schema_version": 0,
          "dependencies": [
            "tfe_project.stack_project",
            "tfe_stack.stack"
          ]
        }
      ]
    }
  ],
  "check_results": null
}
